# THIS IS AN AUTOGENERATED FILE. DO NOT EDIT THIS FILE DIRECTLY.
# yarn lockfile v1


"@types/node@*":
  version "12.0.0"
  resolved "https://registry.yarnpkg.com/@types/node/-/node-12.0.0.tgz#d11813b9c0ff8aaca29f04cbc12817f4c7d656e5"

ansi-regex@^2.0.0:
  version "2.1.1"
  resolved "https://registry.yarnpkg.com/ansi-regex/-/ansi-regex-2.1.1.tgz#c3b33ab5ee360d86e0e628f0468ae7ef27d654df"

ansi-regex@^3.0.0:
  version "3.0.0"
  resolved "https://registry.yarnpkg.com/ansi-regex/-/ansi-regex-3.0.0.tgz#ed0317c322064f79466c02966bddb605ab37d998"

argparse@^1.0.7:
  version "1.0.10"
  resolved "https://registry.yarnpkg.com/argparse/-/argparse-1.0.10.tgz#bcd6791ea5ae09725e17e5ad988134cd40b3d911"
  dependencies:
    sprintf-js "~1.0.2"

bail@^1.0.0:
  version "1.0.4"
  resolved "https://registry.yarnpkg.com/bail/-/bail-1.0.4.tgz#7181b66d508aa3055d3f6c13f0a0c720641dde9b"

balanced-match@^1.0.0:
  version "1.0.0"
  resolved "https://registry.yarnpkg.com/balanced-match/-/balanced-match-1.0.0.tgz#89b4d199ab2bee49de164ea02b89ce462d71b767"

boolbase@~1.0.0:
  version "1.0.0"
  resolved "https://registry.yarnpkg.com/boolbase/-/boolbase-1.0.0.tgz#68dff5fbe60c51eb37725ea9e3ed310dcc1e776e"

brace-expansion@^1.1.7:
  version "1.1.11"
  resolved "https://registry.yarnpkg.com/brace-expansion/-/brace-expansion-1.1.11.tgz#3c7fcbf529d87226f3d2f52b966ff5271eb441dd"
  dependencies:
    balanced-match "^1.0.0"
    concat-map "0.0.1"

camelcase@^4.1.0:
  version "4.1.0"
  resolved "https://registry.yarnpkg.com/camelcase/-/camelcase-4.1.0.tgz#d545635be1e33c542649c69173e5de6acfae34dd"

ccount@^1.0.0:
  version "1.0.4"
  resolved "https://registry.yarnpkg.com/ccount/-/ccount-1.0.4.tgz#9cf2de494ca84060a2a8d2854edd6dfb0445f386"

character-entities-html4@^1.0.0:
  version "1.1.3"
  resolved "https://registry.yarnpkg.com/character-entities-html4/-/character-entities-html4-1.1.3.tgz#5ce6e01618e47048ac22f34f7f39db5c6fd679ef"

character-entities-legacy@^1.0.0:
  version "1.1.3"
  resolved "https://registry.yarnpkg.com/character-entities-legacy/-/character-entities-legacy-1.1.3.tgz#3c729991d9293da0ede6dddcaf1f2ce1009ee8b4"

character-entities@^1.0.0:
  version "1.2.3"
  resolved "https://registry.yarnpkg.com/character-entities/-/character-entities-1.2.3.tgz#bbed4a52fe7ef98cc713c6d80d9faa26916d54e6"

character-reference-invalid@^1.0.0:
  version "1.1.3"
  resolved "https://registry.yarnpkg.com/character-reference-invalid/-/character-reference-invalid-1.1.3.tgz#1647f4f726638d3ea4a750cf5d1975c1c7919a85"

cheerio@^1.0.0-rc.3:
  version "1.0.0-rc.3"
  resolved "https://registry.yarnpkg.com/cheerio/-/cheerio-1.0.0-rc.3.tgz#094636d425b2e9c0f4eb91a46c05630c9a1a8bf6"
  dependencies:
    css-select "~1.2.0"
    dom-serializer "~0.1.1"
    entities "~1.1.1"
    htmlparser2 "^3.9.1"
    lodash "^4.15.0"
    parse5 "^3.0.1"

cliui@^3.2.0:
  version "3.2.0"
  resolved "https://registry.yarnpkg.com/cliui/-/cliui-3.2.0.tgz#120601537a916d29940f934da3b48d585a39213d"
  dependencies:
    string-width "^1.0.1"
    strip-ansi "^3.0.1"
    wrap-ansi "^2.0.0"

code-point-at@^1.0.0:
  version "1.1.0"
  resolved "https://registry.yarnpkg.com/code-point-at/-/code-point-at-1.1.0.tgz#0d070b4d043a5bea33a2f1a40e2edb3d9a4ccf77"

collapse-white-space@^1.0.0:
  version "1.0.5"
  resolved "https://registry.yarnpkg.com/collapse-white-space/-/collapse-white-space-1.0.5.tgz#c2495b699ab1ed380d29a1091e01063e75dbbe3a"

concat-map@0.0.1:
  version "0.0.1"
  resolved "https://registry.yarnpkg.com/concat-map/-/concat-map-0.0.1.tgz#d8a96bd77fd68df7793a73036a3ba0d5405d477b"

cross-spawn@^5.0.1:
  version "5.1.0"
  resolved "https://registry.yarnpkg.com/cross-spawn/-/cross-spawn-5.1.0.tgz#e8bd0efee58fcff6f8f94510a0a554bbfa235449"
  dependencies:
    lru-cache "^4.0.1"
    shebang-command "^1.2.0"
    which "^1.2.9"

css-select@~1.2.0:
  version "1.2.0"
  resolved "https://registry.yarnpkg.com/css-select/-/css-select-1.2.0.tgz#2b3a110539c5355f1cd8d314623e870b121ec858"
  dependencies:
    boolbase "~1.0.0"
    css-what "2.1"
    domutils "1.5.1"
    nth-check "~1.0.1"

css-selector-parser@^1.1.0:
  version "1.3.0"
  resolved "https://registry.yarnpkg.com/css-selector-parser/-/css-selector-parser-1.3.0.tgz#5f1ad43e2d8eefbfdc304fcd39a521664943e3eb"

css-what@2.1:
  version "2.1.3"
  resolved "https://registry.yarnpkg.com/css-what/-/css-what-2.1.3.tgz#a6d7604573365fe74686c3f311c56513d88285f2"

debug@^2.2.0:
  version "2.6.9"
  resolved "https://registry.yarnpkg.com/debug/-/debug-2.6.9.tgz#5d128515df134ff327e90a4c93f4e077a536341f"
  dependencies:
    ms "2.0.0"

decamelize@^1.1.1:
  version "1.2.0"
  resolved "https://registry.yarnpkg.com/decamelize/-/decamelize-1.2.0.tgz#f6534d15148269b20352e7bee26f501f9a191290"

dom-serializer@0, dom-serializer@~0.1.1:
  version "0.1.1"
  resolved "https://registry.yarnpkg.com/dom-serializer/-/dom-serializer-0.1.1.tgz#1ec4059e284babed36eec2941d4a970a189ce7c0"
  dependencies:
    domelementtype "^1.3.0"
    entities "^1.1.1"

domelementtype@1, domelementtype@^1.3.0, domelementtype@^1.3.1:
  version "1.3.1"
  resolved "https://registry.yarnpkg.com/domelementtype/-/domelementtype-1.3.1.tgz#d048c44b37b0d10a7f2a3d5fee3f4333d790481f"

domhandler@^2.3.0:
  version "2.4.2"
  resolved "https://registry.yarnpkg.com/domhandler/-/domhandler-2.4.2.tgz#8805097e933d65e85546f726d60f5eb88b44f803"
  dependencies:
    domelementtype "1"

domutils@1.5.1:
  version "1.5.1"
  resolved "https://registry.yarnpkg.com/domutils/-/domutils-1.5.1.tgz#dcd8488a26f563d61079e48c9f7b7e32373682cf"
  dependencies:
    dom-serializer "0"
    domelementtype "1"

domutils@^1.5.1:
  version "1.7.0"
  resolved "https://registry.yarnpkg.com/domutils/-/domutils-1.7.0.tgz#56ea341e834e06e6748af7a1cb25da67ea9f8c2a"
  dependencies:
    dom-serializer "0"
    domelementtype "1"

entities@^1.1.1, entities@~1.1.1:
  version "1.1.2"
  resolved "https://registry.yarnpkg.com/entities/-/entities-1.1.2.tgz#bdfa735299664dfafd34529ed4f8522a275fea56"

error-ex@^1.2.0:
  version "1.3.2"
  resolved "https://registry.yarnpkg.com/error-ex/-/error-ex-1.3.2.tgz#b4ac40648107fdcdcfae242f428bea8a14d4f1bf"
  dependencies:
    is-arrayish "^0.2.1"

esprima@^4.0.0:
  version "4.0.1"
  resolved "https://registry.yarnpkg.com/esprima/-/esprima-4.0.1.tgz#13b04cdb3e6c5d19df91ab6987a8695619b0aa71"

execa@^0.7.0:
  version "0.7.0"
  resolved "https://registry.yarnpkg.com/execa/-/execa-0.7.0.tgz#944becd34cc41ee32a63a9faf27ad5a65fc59777"
  dependencies:
    cross-spawn "^5.0.1"
    get-stream "^3.0.0"
    is-stream "^1.1.0"
    npm-run-path "^2.0.0"
    p-finally "^1.0.0"
    signal-exit "^3.0.0"
    strip-eof "^1.0.0"

extend@^3.0.0:
  version "3.0.2"
  resolved "https://registry.yarnpkg.com/extend/-/extend-3.0.2.tgz#f8b1136b4071fbd8eb140aff858b1019ec2915fa"

find-up@^2.0.0:
  version "2.1.0"
  resolved "https://registry.yarnpkg.com/find-up/-/find-up-2.1.0.tgz#45d1b7e506c717ddd482775a2b77920a3c0c57a7"
  dependencies:
    locate-path "^2.0.0"

fs-extra@^4.0.2:
  version "4.0.3"
  resolved "https://registry.yarnpkg.com/fs-extra/-/fs-extra-4.0.3.tgz#0d852122e5bc5beb453fb028e9c0c9bf36340c94"
  dependencies:
    graceful-fs "^4.1.2"
    jsonfile "^4.0.0"
    universalify "^0.1.0"

function-bind@^1.1.1:
  version "1.1.1"
  resolved "https://registry.yarnpkg.com/function-bind/-/function-bind-1.1.1.tgz#a56899d3ea3c9bab874bb9773b7c5ede92f4895d"

get-caller-file@^1.0.1:
  version "1.0.3"
  resolved "https://registry.yarnpkg.com/get-caller-file/-/get-caller-file-1.0.3.tgz#f978fa4c90d1dfe7ff2d6beda2a515e713bdcf4a"

get-stream@^3.0.0:
  version "3.0.0"
  resolved "https://registry.yarnpkg.com/get-stream/-/get-stream-3.0.0.tgz#8e943d1358dc37555054ecbe2edb05aa174ede14"

gonzales-pe@^4.2.2:
  version "4.2.4"
  resolved "https://registry.yarnpkg.com/gonzales-pe/-/gonzales-pe-4.2.4.tgz#356ae36a312c46fe0f1026dd6cb539039f8500d2"
  dependencies:
    minimist "1.1.x"

graceful-fs@^4.1.2, graceful-fs@^4.1.6:
  version "4.1.15"
  resolved "https://registry.yarnpkg.com/graceful-fs/-/graceful-fs-4.1.15.tgz#ffb703e1066e8a0eeaa4c8b80ba9253eeefbfb00"

has@^1.0.1:
  version "1.0.3"
  resolved "https://registry.yarnpkg.com/has/-/has-1.0.3.tgz#722d7cbfc1f6aa8241f16dd814e011e1f41e8796"
  dependencies:
    function-bind "^1.1.1"

hosted-git-info@^2.1.4:
  version "2.7.1"
  resolved "https://registry.yarnpkg.com/hosted-git-info/-/hosted-git-info-2.7.1.tgz#97f236977bd6e125408930ff6de3eec6281ec047"

htmlparser2@^3.9.1:
  version "3.10.1"
  resolved "https://registry.yarnpkg.com/htmlparser2/-/htmlparser2-3.10.1.tgz#bd679dc3f59897b6a34bb10749c855bb53a9392f"
  dependencies:
    domelementtype "^1.3.1"
    domhandler "^2.3.0"
    domutils "^1.5.1"
    entities "^1.1.1"
    inherits "^2.0.1"
    readable-stream "^3.1.1"

inherits@^2.0.1, inherits@^2.0.3:
  version "2.0.3"
  resolved "https://registry.yarnpkg.com/inherits/-/inherits-2.0.3.tgz#633c2c83e3da42a502f52466022480f4208261de"

invariant@^2.2.2:
  version "2.2.4"
  resolved "https://registry.yarnpkg.com/invariant/-/invariant-2.2.4.tgz#610f3c92c9359ce1db616e538008d23ff35158e6"
  dependencies:
    loose-envify "^1.0.0"

invert-kv@^1.0.0:
  version "1.0.0"
  resolved "https://registry.yarnpkg.com/invert-kv/-/invert-kv-1.0.0.tgz#104a8e4aaca6d3d8cd157a8ef8bfab2d7a3ffdb6"

is-alphabetical@^1.0.0:
  version "1.0.3"
  resolved "https://registry.yarnpkg.com/is-alphabetical/-/is-alphabetical-1.0.3.tgz#eb04cc47219a8895d8450ace4715abff2258a1f8"

is-alphanumerical@^1.0.0:
  version "1.0.3"
  resolved "https://registry.yarnpkg.com/is-alphanumerical/-/is-alphanumerical-1.0.3.tgz#57ae21c374277b3defe0274c640a5704b8f6657c"
  dependencies:
    is-alphabetical "^1.0.0"
    is-decimal "^1.0.0"

is-arrayish@^0.2.1:
  version "0.2.1"
  resolved "https://registry.yarnpkg.com/is-arrayish/-/is-arrayish-0.2.1.tgz#77c99840527aa8ecb1a8ba697b80645a7a926a9d"

is-decimal@^1.0.0:
  version "1.0.3"
  resolved "https://registry.yarnpkg.com/is-decimal/-/is-decimal-1.0.3.tgz#381068759b9dc807d8c0dc0bfbae2b68e1da48b7"

is-empty@^1.0.0:
  version "1.2.0"
  resolved "https://registry.yarnpkg.com/is-empty/-/is-empty-1.2.0.tgz#de9bb5b278738a05a0b09a57e1fb4d4a341a9f6b"

is-fullwidth-code-point@^1.0.0:
  version "1.0.0"
  resolved "https://registry.yarnpkg.com/is-fullwidth-code-point/-/is-fullwidth-code-point-1.0.0.tgz#ef9e31386f031a7f0d643af82fde50c457ef00cb"
  dependencies:
    number-is-nan "^1.0.0"

is-fullwidth-code-point@^2.0.0:
  version "2.0.0"
  resolved "https://registry.yarnpkg.com/is-fullwidth-code-point/-/is-fullwidth-code-point-2.0.0.tgz#a3b30a5c4f199183167aaab93beefae3ddfb654f"

is-hexadecimal@^1.0.0:
  version "1.0.3"
  resolved "https://registry.yarnpkg.com/is-hexadecimal/-/is-hexadecimal-1.0.3.tgz#e8a426a69b6d31470d3a33a47bb825cda02506ee"

is-stream@^1.1.0:
  version "1.1.0"
  resolved "https://registry.yarnpkg.com/is-stream/-/is-stream-1.1.0.tgz#12d4a3dd4e68e0b79ceb8dbc84173ae80d91ca44"

isexe@^2.0.0:
  version "2.0.0"
  resolved "https://registry.yarnpkg.com/isexe/-/isexe-2.0.0.tgz#e8fbf374dc556ff8947a10dcb0572d633f2cfa10"

"js-tokens@^3.0.0 || ^4.0.0":
  version "4.0.0"
  resolved "https://registry.yarnpkg.com/js-tokens/-/js-tokens-4.0.0.tgz#19203fb59991df98e3a287050d4647cdeaf32499"

js-yaml@^3.10.0:
  version "3.13.1"
  resolved "https://registry.yarnpkg.com/js-yaml/-/js-yaml-3.13.1.tgz#aff151b30bfdfa8e49e05da22e7415e9dfa37847"
  dependencies:
    argparse "^1.0.7"
    esprima "^4.0.0"

jsonfile@^4.0.0:
  version "4.0.0"
  resolved "https://registry.yarnpkg.com/jsonfile/-/jsonfile-4.0.0.tgz#8771aae0799b64076b76640fca058f9c10e33ecb"
  optionalDependencies:
    graceful-fs "^4.1.6"

lcid@^1.0.0:
  version "1.0.0"
  resolved "https://registry.yarnpkg.com/lcid/-/lcid-1.0.0.tgz#308accafa0bc483a3867b4b6f2b9506251d1b835"
  dependencies:
    invert-kv "^1.0.0"

load-json-file@^2.0.0:
  version "2.0.0"
  resolved "https://registry.yarnpkg.com/load-json-file/-/load-json-file-2.0.0.tgz#7947e42149af80d696cbf797bcaabcfe1fe29ca8"
  dependencies:
    graceful-fs "^4.1.2"
    parse-json "^2.2.0"
    pify "^2.0.0"
    strip-bom "^3.0.0"

locate-path@^2.0.0:
  version "2.0.0"
  resolved "https://registry.yarnpkg.com/locate-path/-/locate-path-2.0.0.tgz#2b568b265eec944c6d9c0de9c3dbbbca0354cd8e"
  dependencies:
    p-locate "^2.0.0"
    path-exists "^3.0.0"

lodash.iteratee@^4.5.0:
  version "4.7.0"
  resolved "https://registry.yarnpkg.com/lodash.iteratee/-/lodash.iteratee-4.7.0.tgz#be4177db289a8ccc3c0990f1db26b5b22fc1554c"

lodash@^4.15.0:
  version "4.17.21"
  resolved "https://registry.yarnpkg.com/lodash/-/lodash-4.17.21.tgz#679591c564c3bffaae8454cf0b3df370c3d6911c"

longest-streak@^1.0.0:
  version "1.0.0"
  resolved "https://registry.yarnpkg.com/longest-streak/-/longest-streak-1.0.0.tgz#d06597c4d4c31b52ccb1f5d8f8fe7148eafd6965"

loose-envify@^1.0.0:
  version "1.4.0"
  resolved "https://registry.yarnpkg.com/loose-envify/-/loose-envify-1.4.0.tgz#71ee51fa7be4caec1a63839f7e682d8132d30caf"
  dependencies:
    js-tokens "^3.0.0 || ^4.0.0"

lru-cache@^4.0.1:
  version "4.1.5"
  resolved "https://registry.yarnpkg.com/lru-cache/-/lru-cache-4.1.5.tgz#8bbe50ea85bed59bc9e33dcab8235ee9bcf443cd"
  dependencies:
    pseudomap "^1.0.2"
    yallist "^2.1.2"

markdown-table@^0.4.0:
  version "0.4.0"
  resolved "https://registry.yarnpkg.com/markdown-table/-/markdown-table-0.4.0.tgz#890c2c1b3bfe83fb00e4129b8e4cfe645270f9d1"

mem@^1.1.0:
  version "1.1.0"
  resolved "https://registry.yarnpkg.com/mem/-/mem-1.1.0.tgz#5edd52b485ca1d900fe64895505399a0dfa45f76"
  dependencies:
    mimic-fn "^1.0.0"

mimic-fn@^1.0.0:
  version "1.2.0"
  resolved "https://registry.yarnpkg.com/mimic-fn/-/mimic-fn-1.2.0.tgz#820c86a39334640e99516928bd03fca88057d022"

minimatch@^3.0.4:
  version "3.0.4"
  resolved "https://registry.yarnpkg.com/minimatch/-/minimatch-3.0.4.tgz#5166e286457f03306064be5497e8dbb0c3d32083"
  dependencies:
    brace-expansion "^1.1.7"

minimist@1.1.x:
  version "1.1.3"
  resolved "https://registry.yarnpkg.com/minimist/-/minimist-1.1.3.tgz#3bedfd91a92d39016fcfaa1c681e8faa1a1efda8"

ms@2.0.0:
  version "2.0.0"
  resolved "https://registry.yarnpkg.com/ms/-/ms-2.0.0.tgz#5608aeadfc00be6c2901df5f9861788de0d597c8"

normalize-package-data@^2.3.2:
  version "2.5.0"
  resolved "https://registry.yarnpkg.com/normalize-package-data/-/normalize-package-data-2.5.0.tgz#e66db1838b200c1dfc233225d12cb36520e234a8"
  dependencies:
    hosted-git-info "^2.1.4"
    resolve "^1.10.0"
    semver "2 || 3 || 4 || 5"
    validate-npm-package-license "^3.0.1"

npm-run-path@^2.0.0:
  version "2.0.2"
  resolved "https://registry.yarnpkg.com/npm-run-path/-/npm-run-path-2.0.2.tgz#35a9232dfa35d7067b4cb2ddf2357b1871536c5f"
  dependencies:
    path-key "^2.0.0"

nth-check@^1.0.1, nth-check@~1.0.1:
  version "1.0.2"
  resolved "https://registry.yarnpkg.com/nth-check/-/nth-check-1.0.2.tgz#b2bd295c37e3dd58a3bf0700376663ba4d9cf05c"
  dependencies:
    boolbase "~1.0.0"

number-is-nan@^1.0.0:
  version "1.0.1"
  resolved "https://registry.yarnpkg.com/number-is-nan/-/number-is-nan-1.0.1.tgz#097b602b53422a522c1afb8790318336941a011d"

object-assign@^4.0.1:
  version "4.1.1"
  resolved "https://registry.yarnpkg.com/object-assign/-/object-assign-4.1.1.tgz#2109adc7965887cfc05cbbd442cac8bfbb360863"

once@^1.3.3:
  version "1.4.0"
  resolved "https://registry.yarnpkg.com/once/-/once-1.4.0.tgz#583b1aa775961d4b113ac17d9c50baef9dd76bd1"
  dependencies:
    wrappy "1"

os-locale@^2.0.0:
  version "2.1.0"
  resolved "https://registry.yarnpkg.com/os-locale/-/os-locale-2.1.0.tgz#42bc2900a6b5b8bd17376c8e882b65afccf24bf2"
  dependencies:
    execa "^0.7.0"
    lcid "^1.0.0"
    mem "^1.1.0"

p-finally@^1.0.0:
  version "1.0.0"
  resolved "https://registry.yarnpkg.com/p-finally/-/p-finally-1.0.0.tgz#3fbcfb15b899a44123b34b6dcc18b724336a2cae"

p-limit@^1.1.0:
  version "1.3.0"
  resolved "https://registry.yarnpkg.com/p-limit/-/p-limit-1.3.0.tgz#b86bd5f0c25690911c7590fcbfc2010d54b3ccb8"
  dependencies:
    p-try "^1.0.0"

p-locate@^2.0.0:
  version "2.0.0"
  resolved "https://registry.yarnpkg.com/p-locate/-/p-locate-2.0.0.tgz#20a0103b222a70c8fd39cc2e580680f3dde5ec43"
  dependencies:
    p-limit "^1.1.0"

p-try@^1.0.0:
  version "1.0.0"
  resolved "https://registry.yarnpkg.com/p-try/-/p-try-1.0.0.tgz#cbc79cdbaf8fd4228e13f621f2b1a237c1b207b3"

parse-entities@^1.0.2:
  version "1.2.1"
  resolved "https://registry.yarnpkg.com/parse-entities/-/parse-entities-1.2.1.tgz#2c761ced065ba7dc68148580b5a225e4918cdd69"
  dependencies:
    character-entities "^1.0.0"
    character-entities-legacy "^1.0.0"
    character-reference-invalid "^1.0.0"
    is-alphanumerical "^1.0.0"
    is-decimal "^1.0.0"
    is-hexadecimal "^1.0.0"

parse-json@^2.2.0:
  version "2.2.0"
  resolved "https://registry.yarnpkg.com/parse-json/-/parse-json-2.2.0.tgz#f480f40434ef80741f8469099f8dea18f55a4dc9"
  dependencies:
    error-ex "^1.2.0"

parse5@^3.0.1:
  version "3.0.3"
  resolved "https://registry.yarnpkg.com/parse5/-/parse5-3.0.3.tgz#042f792ffdd36851551cf4e9e066b3874ab45b5c"
  dependencies:
    "@types/node" "*"

path-exists@^3.0.0:
  version "3.0.0"
  resolved "https://registry.yarnpkg.com/path-exists/-/path-exists-3.0.0.tgz#ce0ebeaa5f78cb18925ea7d810d7b59b010fd515"

path-key@^2.0.0:
  version "2.0.1"
  resolved "https://registry.yarnpkg.com/path-key/-/path-key-2.0.1.tgz#411cadb574c5a140d3a4b1910d40d80cc9f40b40"

path-parse@^1.0.6:
  version "1.0.6"
  resolved "https://registry.yarnpkg.com/path-parse/-/path-parse-1.0.6.tgz#d62dbb5679405d72c4737ec58600e9ddcf06d24c"

path-type@^2.0.0:
  version "2.0.0"
  resolved "https://registry.yarnpkg.com/path-type/-/path-type-2.0.0.tgz#f012ccb8415b7096fc2daa1054c3d72389594c73"
  dependencies:
    pify "^2.0.0"

pify@^2.0.0:
  version "2.3.0"
  resolved "https://registry.yarnpkg.com/pify/-/pify-2.3.0.tgz#ed141a6ac043a849ea588498e7dca8b15330e90c"

pseudomap@^1.0.2:
  version "1.0.2"
  resolved "https://registry.yarnpkg.com/pseudomap/-/pseudomap-1.0.2.tgz#f052a28da70e618917ef0a8ac34c1ae5a68286b3"

read-pkg-up@^2.0.0:
  version "2.0.0"
  resolved "https://registry.yarnpkg.com/read-pkg-up/-/read-pkg-up-2.0.0.tgz#6b72a8048984e0c41e79510fd5e9fa99b3b549be"
  dependencies:
    find-up "^2.0.0"
    read-pkg "^2.0.0"

read-pkg@^2.0.0:
  version "2.0.0"
  resolved "https://registry.yarnpkg.com/read-pkg/-/read-pkg-2.0.0.tgz#8ef1c0623c6a6db0dc6713c4bfac46332b2368f8"
  dependencies:
    load-json-file "^2.0.0"
    normalize-package-data "^2.3.2"
    path-type "^2.0.0"

readable-stream@^3.1.1:
  version "3.3.0"
  resolved "https://registry.yarnpkg.com/readable-stream/-/readable-stream-3.3.0.tgz#cb8011aad002eb717bf040291feba8569c986fb9"
  dependencies:
    inherits "^2.0.3"
    string_decoder "^1.1.1"
    util-deprecate "^1.0.1"

remark-parse@^1.1.0:
  version "1.1.0"
  resolved "https://registry.yarnpkg.com/remark-parse/-/remark-parse-1.1.0.tgz#c3ca10f9a8da04615c28f09aa4e304510526ec21"
  dependencies:
    collapse-white-space "^1.0.0"
    extend "^3.0.0"
    parse-entities "^1.0.2"
    repeat-string "^1.5.4"
    trim "0.0.1"
    trim-trailing-lines "^1.0.0"
    unherit "^1.0.4"
    unist-util-remove-position "^1.0.0"
    vfile-location "^2.0.0"

remark-stringify@^1.1.0:
  version "1.1.0"
  resolved "https://registry.yarnpkg.com/remark-stringify/-/remark-stringify-1.1.0.tgz#a7105e25b9ee2bf9a49b75d2c423f11b06ae2092"
  dependencies:
    ccount "^1.0.0"
    extend "^3.0.0"
    longest-streak "^1.0.0"
    markdown-table "^0.4.0"
    parse-entities "^1.0.2"
    repeat-string "^1.5.4"
    stringify-entities "^1.0.1"
    unherit "^1.0.4"

remark@^5.0.1:
  version "5.1.0"
  resolved "https://registry.yarnpkg.com/remark/-/remark-5.1.0.tgz#cb463bd3dbcb4b99794935eee1cf71d7a8e3068c"
  dependencies:
    remark-parse "^1.1.0"
    remark-stringify "^1.1.0"
    unified "^4.1.1"

repeat-string@^1.5.4:
  version "1.6.1"
  resolved "https://registry.yarnpkg.com/repeat-string/-/repeat-string-1.6.1.tgz#8dcae470e1c88abc2d600fff4a776286da75e637"

require-directory@^2.1.1:
  version "2.1.1"
  resolved "https://registry.yarnpkg.com/require-directory/-/require-directory-2.1.1.tgz#8c64ad5fd30dab1c976e2344ffe7f792a6a6df42"

require-main-filename@^1.0.1:
  version "1.0.1"
  resolved "https://registry.yarnpkg.com/require-main-filename/-/require-main-filename-1.0.1.tgz#97f717b69d48784f5f526a6c5aa8ffdda055a4d1"

resolve@^1.10.0:
  version "1.10.1"
  resolved "https://registry.yarnpkg.com/resolve/-/resolve-1.10.1.tgz#664842ac960795bbe758221cdccda61fb64b5f18"
  dependencies:
    path-parse "^1.0.6"

safe-buffer@~5.1.0:
  version "5.1.2"
  resolved "https://registry.yarnpkg.com/safe-buffer/-/safe-buffer-5.1.2.tgz#991ec69d296e0313747d59bdfd2b745c35f8828d"

sast@GavinRay97/sast#patch-1:
  version "0.7.0"
  resolved "https://codeload.github.com/GavinRay97/sast/tar.gz/edbc3b061e916dea83d8a173ab6e02259cf48f81"
  dependencies:
    fs-extra "^4.0.2"
    gonzales-pe "^4.2.2"
    invariant "^2.2.2"
    js-yaml "^3.10.0"
    minimatch "^3.0.4"
    unist-util-find "^1.0.1"
    unist-util-inspect "^4.1.1"
    unist-util-is "^2.1.1"
    unist-util-map "^1.0.3"
    unist-util-remove "^1.0.0"
    unist-util-remove-position "^1.1.1"
    unist-util-select "^1.5.0"
    unist-util-visit "^1.1.3"
    unist-util-visit-parents "^1.1.1"
    yargs "^9.0.1"

"semver@2 || 3 || 4 || 5":
  version "5.7.0"
  resolved "https://registry.yarnpkg.com/semver/-/semver-5.7.0.tgz#790a7cf6fea5459bac96110b29b60412dc8ff96b"

set-blocking@^2.0.0:
  version "2.0.0"
  resolved "https://registry.yarnpkg.com/set-blocking/-/set-blocking-2.0.0.tgz#045f9782d011ae9a6803ddd382b24392b3d890f7"

shebang-command@^1.2.0:
  version "1.2.0"
  resolved "https://registry.yarnpkg.com/shebang-command/-/shebang-command-1.2.0.tgz#44aac65b695b03398968c39f363fee5deafdf1ea"
  dependencies:
    shebang-regex "^1.0.0"

shebang-regex@^1.0.0:
  version "1.0.0"
  resolved "https://registry.yarnpkg.com/shebang-regex/-/shebang-regex-1.0.0.tgz#da42f49740c0b42db2ca9728571cb190c98efea3"

signal-exit@^3.0.0:
  version "3.0.2"
  resolved "https://registry.yarnpkg.com/signal-exit/-/signal-exit-3.0.2.tgz#b5fdc08f1287ea1178628e415e25132b73646c6d"

spdx-correct@^3.0.0:
  version "3.1.0"
  resolved "https://registry.yarnpkg.com/spdx-correct/-/spdx-correct-3.1.0.tgz#fb83e504445268f154b074e218c87c003cd31df4"
  dependencies:
    spdx-expression-parse "^3.0.0"
    spdx-license-ids "^3.0.0"

spdx-exceptions@^2.1.0:
  version "2.2.0"
  resolved "https://registry.yarnpkg.com/spdx-exceptions/-/spdx-exceptions-2.2.0.tgz#2ea450aee74f2a89bfb94519c07fcd6f41322977"

spdx-expression-parse@^3.0.0:
  version "3.0.0"
  resolved "https://registry.yarnpkg.com/spdx-expression-parse/-/spdx-expression-parse-3.0.0.tgz#99e119b7a5da00e05491c9fa338b7904823b41d0"
  dependencies:
    spdx-exceptions "^2.1.0"
    spdx-license-ids "^3.0.0"

spdx-license-ids@^3.0.0:
  version "3.0.4"
  resolved "https://registry.yarnpkg.com/spdx-license-ids/-/spdx-license-ids-3.0.4.tgz#75ecd1a88de8c184ef015eafb51b5b48bfd11bb1"

sprintf-js@~1.0.2:
  version "1.0.3"
  resolved "https://registry.yarnpkg.com/sprintf-js/-/sprintf-js-1.0.3.tgz#04e6926f662895354f3dd015203633b857297e2c"

string-width@^1.0.1:
  version "1.0.2"
  resolved "https://registry.yarnpkg.com/string-width/-/string-width-1.0.2.tgz#118bdf5b8cdc51a2a7e70d211e07e2b0b9b107d3"
  dependencies:
    code-point-at "^1.0.0"
    is-fullwidth-code-point "^1.0.0"
    strip-ansi "^3.0.0"

string-width@^2.0.0:
  version "2.1.1"
  resolved "https://registry.yarnpkg.com/string-width/-/string-width-2.1.1.tgz#ab93f27a8dc13d28cac815c462143a6d9012ae9e"
  dependencies:
    is-fullwidth-code-point "^2.0.0"
    strip-ansi "^4.0.0"

string_decoder@^1.1.1:
  version "1.2.0"
  resolved "https://registry.yarnpkg.com/string_decoder/-/string_decoder-1.2.0.tgz#fe86e738b19544afe70469243b2a1ee9240eae8d"
  dependencies:
    safe-buffer "~5.1.0"

stringify-entities@^1.0.1:
  version "1.3.2"
  resolved "https://registry.yarnpkg.com/stringify-entities/-/stringify-entities-1.3.2.tgz#a98417e5471fd227b3e45d3db1861c11caf668f7"
  dependencies:
    character-entities-html4 "^1.0.0"
    character-entities-legacy "^1.0.0"
    is-alphanumerical "^1.0.0"
    is-hexadecimal "^1.0.0"

strip-ansi@^3.0.0, strip-ansi@^3.0.1:
  version "3.0.1"
  resolved "https://registry.yarnpkg.com/strip-ansi/-/strip-ansi-3.0.1.tgz#6a385fb8853d952d5ff05d0e8aaf94278dc63dcf"
  dependencies:
    ansi-regex "^2.0.0"

strip-ansi@^4.0.0:
  version "4.0.0"
  resolved "https://registry.yarnpkg.com/strip-ansi/-/strip-ansi-4.0.0.tgz#a8479022eb1ac368a871389b635262c505ee368f"
  dependencies:
    ansi-regex "^3.0.0"

strip-bom@^3.0.0:
  version "3.0.0"
  resolved "https://registry.yarnpkg.com/strip-bom/-/strip-bom-3.0.0.tgz#2334c18e9c759f7bdd56fdef7e9ae3d588e68ed3"

strip-eof@^1.0.0:
  version "1.0.0"
  resolved "https://registry.yarnpkg.com/strip-eof/-/strip-eof-1.0.0.tgz#bb43ff5598a6eb05d89b59fcd129c983313606bf"

trim-trailing-lines@^1.0.0:
  version "1.1.2"
  resolved "https://registry.yarnpkg.com/trim-trailing-lines/-/trim-trailing-lines-1.1.2.tgz#d2f1e153161152e9f02fabc670fb40bec2ea2e3a"

trim@0.0.1:
  version "0.0.1"
  resolved "https://registry.yarnpkg.com/trim/-/trim-0.0.1.tgz#5858547f6b290757ee95cccc666fb50084c460dd"

trough@^1.0.0:
  version "1.0.3"
  resolved "https://registry.yarnpkg.com/trough/-/trough-1.0.3.tgz#e29bd1614c6458d44869fc28b255ab7857ef7c24"

unherit@^1.0.4:
  version "1.1.2"
  resolved "https://registry.yarnpkg.com/unherit/-/unherit-1.1.2.tgz#14f1f397253ee4ec95cec167762e77df83678449"
  dependencies:
    inherits "^2.0.1"
    xtend "^4.0.1"

unified@^4.1.1:
  version "4.2.1"
  resolved "https://registry.yarnpkg.com/unified/-/unified-4.2.1.tgz#76ff43aa8da430f6e7e4a55c84ebac2ad2cfcd2e"
  dependencies:
    bail "^1.0.0"
    extend "^3.0.0"
    has "^1.0.1"
    once "^1.3.3"
    trough "^1.0.0"
    vfile "^1.0.0"

unist-util-find@^1.0.1:
  version "1.0.1"
  resolved "https://registry.yarnpkg.com/unist-util-find/-/unist-util-find-1.0.1.tgz#1062bbb6928c7a97c6adc89b53745d4c46c222a2"
  dependencies:
    lodash.iteratee "^4.5.0"
    remark "^5.0.1"
    unist-util-visit "^1.1.0"

unist-util-inspect@^4.1.1, unist-util-inspect@^4.1.3:
  version "4.1.3"
  resolved "https://registry.yarnpkg.com/unist-util-inspect/-/unist-util-inspect-4.1.3.tgz#39470e6d77485db285966df78431219aa1287822"
  dependencies:
    is-empty "^1.0.0"

unist-util-is@^2.0.0, unist-util-is@^2.1.1, unist-util-is@^2.1.2:
  version "2.1.2"
  resolved "https://registry.yarnpkg.com/unist-util-is/-/unist-util-is-2.1.2.tgz#1193fa8f2bfbbb82150633f3a8d2eb9a1c1d55db"

unist-util-map@^1.0.3:
  version "1.0.4"
  resolved "https://registry.yarnpkg.com/unist-util-map/-/unist-util-map-1.0.4.tgz#f27bb03e14e8072171379d132c96c1dfcea44574"
  dependencies:
    object-assign "^4.0.1"

unist-util-remove-position@^1.0.0, unist-util-remove-position@^1.1.1:
  version "1.1.2"
  resolved "https://registry.yarnpkg.com/unist-util-remove-position/-/unist-util-remove-position-1.1.2.tgz#86b5dad104d0bbfbeb1db5f5c92f3570575c12cb"
  dependencies:
    unist-util-visit "^1.1.0"

unist-util-remove@^1.0.0:
  version "1.0.1"
  resolved "https://registry.yarnpkg.com/unist-util-remove/-/unist-util-remove-1.0.1.tgz#3e967d2aeb3ee9e7f0ee8354172986fba7ff33a5"
  dependencies:
    unist-util-is "^2.0.0"

unist-util-select@^1.5.0:
  version "1.5.0"
  resolved "https://registry.yarnpkg.com/unist-util-select/-/unist-util-select-1.5.0.tgz#a93c2be8c0f653827803b81331adec2aa24cd933"
  dependencies:
    css-selector-parser "^1.1.0"
    debug "^2.2.0"
    nth-check "^1.0.1"

unist-util-visit-parents@^1.1.1:
  version "1.1.2"
  resolved "https://registry.yarnpkg.com/unist-util-visit-parents/-/unist-util-visit-parents-1.1.2.tgz#f6e3afee8bdbf961c0e6f028ea3c0480028c3d06"

unist-util-visit-parents@^2.0.0:
  version "2.0.1"
  resolved "https://registry.yarnpkg.com/unist-util-visit-parents/-/unist-util-visit-parents-2.0.1.tgz#63fffc8929027bee04bfef7d2cce474f71cb6217"
  dependencies:
    unist-util-is "^2.1.2"

unist-util-visit@^1.1.0, unist-util-visit@^1.1.3, unist-util-visit@^1.4.0:
  version "1.4.0"
  resolved "https://registry.yarnpkg.com/unist-util-visit/-/unist-util-visit-1.4.0.tgz#1cb763647186dc26f5e1df5db6bd1e48b3cc2fb1"
  dependencies:
    unist-util-visit-parents "^2.0.0"

universalify@^0.1.0:
  version "0.1.2"
  resolved "https://registry.yarnpkg.com/universalify/-/universalify-0.1.2.tgz#b646f69be3942dabcecc9d6639c80dc105efaa66"

util-deprecate@^1.0.1:
  version "1.0.2"
  resolved "https://registry.yarnpkg.com/util-deprecate/-/util-deprecate-1.0.2.tgz#450d4dc9fa70de732762fbd2d4a28981419a0ccf"

validate-npm-package-license@^3.0.1:
  version "3.0.4"
  resolved "https://registry.yarnpkg.com/validate-npm-package-license/-/validate-npm-package-license-3.0.4.tgz#fc91f6b9c7ba15c857f4cb2c5defeec39d4f410a"
  dependencies:
    spdx-correct "^3.0.0"
    spdx-expression-parse "^3.0.0"

vfile-location@^2.0.0:
  version "2.0.4"
  resolved "https://registry.yarnpkg.com/vfile-location/-/vfile-location-2.0.4.tgz#2a5e7297dd0d9e2da4381464d04acc6b834d3e55"

vfile@^1.0.0:
  version "1.4.0"
  resolved "https://registry.yarnpkg.com/vfile/-/vfile-1.4.0.tgz#c0fd6fa484f8debdb771f68c31ed75d88da97fe7"

which-module@^2.0.0:
  version "2.0.0"
  resolved "https://registry.yarnpkg.com/which-module/-/which-module-2.0.0.tgz#d9ef07dce77b9902b8a3a8fa4b31c3e3f7e6e87a"

which@^1.2.9:
  version "1.3.1"
  resolved "https://registry.yarnpkg.com/which/-/which-1.3.1.tgz#a45043d54f5805316da8d62f9f50918d3da70b0a"
  dependencies:
    isexe "^2.0.0"

wrap-ansi@^2.0.0:
  version "2.1.0"
  resolved "https://registry.yarnpkg.com/wrap-ansi/-/wrap-ansi-2.1.0.tgz#d8fc3d284dd05794fe84973caecdd1cf824fdd85"
  dependencies:
    string-width "^1.0.1"
    strip-ansi "^3.0.1"

wrappy@1:
  version "1.0.2"
  resolved "https://registry.yarnpkg.com/wrappy/-/wrappy-1.0.2.tgz#b5243d8f3ec1aa35f1364605bc0d1036e30ab69f"

xtend@^4.0.1:
  version "4.0.1"
  resolved "https://registry.yarnpkg.com/xtend/-/xtend-4.0.1.tgz#a5c6d532be656e23db820efb943a1f04998d63af"

y18n@^3.2.1:
  version "3.2.1"
  resolved "https://registry.yarnpkg.com/y18n/-/y18n-3.2.1.tgz#6d15fba884c08679c0d77e88e7759e811e07fa41"

yallist@^2.1.2:
  version "2.1.2"
  resolved "https://registry.yarnpkg.com/yallist/-/yallist-2.1.2.tgz#1c11f9218f076089a47dd512f93c6699a6a81d52"

yargs-parser@^7.0.0:
  version "7.0.0"
  resolved "https://registry.yarnpkg.com/yargs-parser/-/yargs-parser-7.0.0.tgz#8d0ac42f16ea55debd332caf4c4038b3e3f5dfd9"
  dependencies:
    camelcase "^4.1.0"

yargs@^9.0.1:
  version "9.0.1"
  resolved "https://registry.yarnpkg.com/yargs/-/yargs-9.0.1.tgz#52acc23feecac34042078ee78c0c007f5085db4c"
  dependencies:
    camelcase "^4.1.0"
    cliui "^3.2.0"
    decamelize "^1.1.1"
    get-caller-file "^1.0.1"
    os-locale "^2.0.0"
    read-pkg-up "^2.0.0"
    require-directory "^2.1.1"
    require-main-filename "^1.0.1"
    set-blocking "^2.0.0"
    string-width "^2.0.0"
    which-module "^2.0.0"
    y18n "^3.2.1"
    yargs-parser "^7.0.0"
